
Microsoft Visual Studio Solution File, Format Version 12.00
# Visual Studio Version 16
VisualStudioVersion = 25.0.1704.0
MinimumVisualStudioVersion = 10.0.40219.1
Project("{FAE04EC0-301F-11D3-BF4B-00C04F79EFBC}") = "ValmontApp.Mobile.iOS", "ValmontApp.Mobile.iOS.csproj", "{2453125E-BEDB-4DB2-8783-C2420E29D886}"
EndProject
Global
	GlobalSection(SolutionConfigurationPlatforms) = preSolution
		Debug|iPhoneSimulator = Debug|iPhoneSimulator
		Release|iPhoneSimulator = Release|iPhoneSimulator
		Debug|iPhone = Debug|iPhone
		Release|iPhone = Release|iPhone
	EndGlobalSection
	GlobalSection(ProjectConfigurationPlatforms) = postSolution
		{2453125E-BEDB-4DB2-8783-C2420E29D886}.Debug|iPhoneSimulator.ActiveCfg = Debug|iPhoneSimulator
		{2453125E-BEDB-4DB2-8783-C2420E29D886}.Debug|iPhoneSimulator.Build.0 = Debug|iPhoneSimulator
		{2453125E-BEDB-4DB2-8783-C2420E29D886}.Release|iPhoneSimulator.ActiveCfg = Release|iPhoneSimulator
		{2453125E-BEDB-4DB2-8783-C2420E29D886}.Release|iPhoneSimulator.Build.0 = Release|iPhoneSimulator
		{2453125E-BEDB-4DB2-8783-C2420E29D886}.Debug|iPhone.ActiveCfg = Debug|iPhone
		{2453125E-BEDB-4DB2-8783-C2420E29D886}.Debug|iPhone.Build.0 = Debug|iPhone
		{2453125E-BEDB-4DB2-8783-C2420E29D886}.Release|iPhone.ActiveCfg = Release|iPhone
		{2453125E-BEDB-4DB2-8783-C2420E29D886}.Release|iPhone.Build.0 = Release|iPhone
	EndGlobalSection
	GlobalSection(SolutionProperties) = preSolution
		HideSolutionNode = FALSE
	EndGlobalSection
	GlobalSection(ExtensibilityGlobals) = postSolution
		SolutionGuid = {56505BA8-F9E1-4274-83C6-9CFEAE630E31}
	EndGlobalSection
EndGlobal
